
Microsoft Visual Studio Solution File, Format Version 12.00
# Visual Studio 2012
Project("{FAE04EC0-301F-11D3-BF4B-00C04F79EFBC}") = "BrickyardMobile", "BrickyardMobile\BrickyardMobile.csproj", "{53B7CFC5-8454-4895-B1B4-52329A75940E}"
EndProject
Global
	GlobalSection(SolutionConfigurationPlatforms) = preSolution
		Debug|Any CPU = Debug|Any CPU
		Release|Any CPU = Release|Any CPU
	EndGlobalSection
	GlobalSection(ProjectConfigurationPlatforms) = postSolution
		{53B7CFC5-8454-4895-B1B4-52329A75940E}.Debug|Any CPU.ActiveCfg = Debug|Any CPU
		{53B7CFC5-8454-4895-B1B4-52329A75940E}.Debug|Any CPU.Build.0 = Debug|Any CPU
		{53B7CFC5-8454-4895-B1B4-52329A75940E}.Release|Any CPU.ActiveCfg = Release|Any CPU
		{53B7CFC5-8454-4895-B1B4-52329A75940E}.Release|Any CPU.Build.0 = Release|Any CPU
	EndGlobalSection
EndGlobal
